
Microsoft Visual Studio Solution File, Format Version 12.00
# Visual Studio Version 16
VisualStudioVersion = 16.0.30011.22
MinimumVisualStudioVersion = 10.0.40219.1
Project("{FAE04EC0-301F-11D3-BF4B-00C04F79EFBC}") = "Fastigheter", "Fastigheter\Fastigheter.csproj", "{F42E2913-6E46-4325-929C-EFDAA2F56402}"
EndProject
Project("{9A19103F-16F7-4668-BE54-9A1E7A4F7556}") = "TeamRedWebApi", "TeamRedWebApiSolution\TeamRedWebApi\TeamRedWebApi.csproj", "{4A5012F6-BE15-43D3-A88A-9C770D646562}"
EndProject
Project("{FAE04EC0-301F-11D3-BF4B-00C04F79EFBC}") = "TeamRedzFastigheter.Shared", "TeamRedzFastigheter.Shared\TeamRedzFastigheter.Shared.csproj", "{C313C8D0-E8AD-459D-AEAC-B572D782BBAA}"
EndProject
Global
	GlobalSection(SolutionConfigurationPlatforms) = preSolution
		Debug|Any CPU = Debug|Any CPU
		Release|Any CPU = Release|Any CPU
	EndGlobalSection
	GlobalSection(ProjectConfigurationPlatforms) = postSolution
		{F42E2913-6E46-4325-929C-EFDAA2F56402}.Debug|Any CPU.ActiveCfg = Debug|Any CPU
		{F42E2913-6E46-4325-929C-EFDAA2F56402}.Debug|Any CPU.Build.0 = Debug|Any CPU
		{F42E2913-6E46-4325-929C-EFDAA2F56402}.Release|Any CPU.ActiveCfg = Release|Any CPU
		{F42E2913-6E46-4325-929C-EFDAA2F56402}.Release|Any CPU.Build.0 = Release|Any CPU
		{4A5012F6-BE15-43D3-A88A-9C770D646562}.Debug|Any CPU.ActiveCfg = Debug|Any CPU
		{4A5012F6-BE15-43D3-A88A-9C770D646562}.Debug|Any CPU.Build.0 = Debug|Any CPU
		{4A5012F6-BE15-43D3-A88A-9C770D646562}.Release|Any CPU.ActiveCfg = Release|Any CPU
		{4A5012F6-BE15-43D3-A88A-9C770D646562}.Release|Any CPU.Build.0 = Release|Any CPU
		{C313C8D0-E8AD-459D-AEAC-B572D782BBAA}.Debug|Any CPU.ActiveCfg = Debug|Any CPU
		{C313C8D0-E8AD-459D-AEAC-B572D782BBAA}.Debug|Any CPU.Build.0 = Debug|Any CPU
		{C313C8D0-E8AD-459D-AEAC-B572D782BBAA}.Release|Any CPU.ActiveCfg = Release|Any CPU
		{C313C8D0-E8AD-459D-AEAC-B572D782BBAA}.Release|Any CPU.Build.0 = Release|Any CPU
	EndGlobalSection
	GlobalSection(SolutionProperties) = preSolution
		HideSolutionNode = FALSE
	EndGlobalSection
	GlobalSection(ExtensibilityGlobals) = postSolution
		SolutionGuid = {F4968F1D-256B-4934-978F-B244262079AA}
	EndGlobalSection
EndGlobal
