
Microsoft Visual Studio Solution File, Format Version 12.00
# Visual Studio Version 16
VisualStudioVersion = 16.0.30011.22
MinimumVisualStudioVersion = 10.0.40219.1
Project("{9A19103F-16F7-4668-BE54-9A1E7A4F7556}") = "Fastigheter", "Fastigheter\Fastigheter.csproj", "{F42E2913-6E46-4325-929C-EFDAA2F56402}"
EndProject
Project("{9A19103F-16F7-4668-BE54-9A1E7A4F7556}") = "TeamRedzFastigheter.Shared", "TeamRedzFastigheter.Shared\TeamRedzFastigheter.Shared.csproj", "{D4AE8703-080B-44D7-BE0C-2F0063E5BD59}"
EndProject
Global
	GlobalSection(SolutionConfigurationPlatforms) = preSolution
		Debug|Any CPU = Debug|Any CPU
		Release|Any CPU = Release|Any CPU
	EndGlobalSection
	GlobalSection(ProjectConfigurationPlatforms) = postSolution
		{F42E2913-6E46-4325-929C-EFDAA2F56402}.Debug|Any CPU.ActiveCfg = Debug|Any CPU
		{F42E2913-6E46-4325-929C-EFDAA2F56402}.Debug|Any CPU.Build.0 = Debug|Any CPU
		{F42E2913-6E46-4325-929C-EFDAA2F56402}.Release|Any CPU.ActiveCfg = Release|Any CPU
		{F42E2913-6E46-4325-929C-EFDAA2F56402}.Release|Any CPU.Build.0 = Release|Any CPU
		{D4AE8703-080B-44D7-BE0C-2F0063E5BD59}.Debug|Any CPU.ActiveCfg = Debug|Any CPU
		{D4AE8703-080B-44D7-BE0C-2F0063E5BD59}.Debug|Any CPU.Build.0 = Debug|Any CPU
		{D4AE8703-080B-44D7-BE0C-2F0063E5BD59}.Release|Any CPU.ActiveCfg = Release|Any CPU
		{D4AE8703-080B-44D7-BE0C-2F0063E5BD59}.Release|Any CPU.Build.0 = Release|Any CPU
	EndGlobalSection
	GlobalSection(SolutionProperties) = preSolution
		HideSolutionNode = FALSE
	EndGlobalSection
	GlobalSection(ExtensibilityGlobals) = postSolution
		SolutionGuid = {F4968F1D-256B-4934-978F-B244262079AA}
	EndGlobalSection
EndGlobal
